// !$*UTF8*$!
{
	archiveVersion = 1;
	classes = {
	};
	objectVersion = 77;
	objects = {

/* Begin PBXBuildFile section */
		8AFA10032F11AB0000000003 /* FluidAudio in Frameworks */ = {isa = PBXBuildFile; productRef = 8AFA10022F11AB0000000002 /* FluidAudio */; };
		8AFA20042F11AB0000000013 /* MLXLLM in Frameworks */ = {isa = PBXBuildFile; productRef = 8AFA20022F11AB0000000011 /* MLXLLM */; };
		8AFA20052F11AB0000000014 /* MLXLMCommon in Frameworks */ = {isa = PBXBuildFile; productRef = 8AFA20032F11AB0000000012 /* MLXLMCommon */; };
		8AFA30022F11AB0000000021 /* GemmaModel in Resources */ = {isa = PBXBuildFile; fileRef = 8AFA30012F11AB0000000020 /* GemmaModel */; };
/* End PBXBuildFile section */

/* Begin PBXContainerItemProxy section */
		8A27BC6F2F03673F00729E76 /* PBXContainerItemProxy */ = {
			isa = PBXContainerItemProxy;
			containerPortal = 8A27BC552F03673C00729E76 /* Project object */;
			proxyType = 1;
			remoteGlobalIDString = 8A27BC5C2F03673C00729E76;
			remoteInfo = FrictionlessNotes;
		};
		8A27BC792F03673F00729E76 /* PBXContainerItemProxy */ = {
			isa = PBXContainerItemProxy;
			containerPortal = 8A27BC552F03673C00729E76 /* Project object */;
			proxyType = 1;
			remoteGlobalIDString = 8A27BC5C2F03673C00729E76;
			remoteInfo = FrictionlessNotes;
		};
/* End PBXContainerItemProxy section */

/* Begin PBXFileReference section */
		8A27BC5D2F03673C00729E76 /* FrictionlessNotes.app */ = {isa = PBXFileReference; explicitFileType = wrapper.application; includeInIndex = 0; path = FrictionlessNotes.app; sourceTree = BUILT_PRODUCTS_DIR; };
		8A27BC6E2F03673F00729E76 /* FrictionlessNotesTests.xctest */ = {isa = PBXFileReference; explicitFileType = wrapper.cfbundle; includeInIndex = 0; path = FrictionlessNotesTests.xctest; sourceTree = BUILT_PRODUCTS_DIR; };
		8A27BC782F03673F00729E76 /* FrictionlessNotesUITests.xctest */ = {isa = PBXFileReference; explicitFileType = wrapper.cfbundle; includeInIndex = 0; path = FrictionlessNotesUITests.xctest; sourceTree = BUILT_PRODUCTS_DIR; };
		8AFA30012F11AB0000000020 /* GemmaModel */ = {isa = PBXFileReference; lastKnownFileType = folder; path = GemmaModel; sourceTree = "<group>"; };
/* End PBXFileReference section */

/* Begin PBXFileSystemSynchronizedBuildFileExceptionSet section */
		8A27BC802F03673F00729E76 /* Exceptions for "FrictionlessNotes" folder in "FrictionlessNotes" target */ = {
			isa = PBXFileSystemSynchronizedBuildFileExceptionSet;
			membershipExceptions = (
				Info.plist,
			);
			target = 8A27BC5C2F03673C00729E76 /* FrictionlessNotes */;
		};
/* End PBXFileSystemSynchronizedBuildFileExceptionSet section */

/* Begin PBXFileSystemSynchronizedRootGroup section */
		8A27BC5F2F03673C00729E76 /* FrictionlessNotes */ = {
			isa = PBXFileSystemSynchronizedRootGroup;
			exceptions = (
				8A27BC802F03673F00729E76 /* Exceptions for "FrictionlessNotes" folder in "FrictionlessNotes" target */,
			);
			path = FrictionlessNotes;
			sourceTree = "<group>";
		};
		8A27BC712F03673F00729E76 /* FrictionlessNotesTests */ = {
			isa = PBXFileSystemSynchronizedRootGroup;
			path = FrictionlessNotesTests;
			sourceTree = "<group>";
		};
		8A27BC7B2F03673F00729E76 /* FrictionlessNotesUITests */ = {
			isa = PBXFileSystemSynchronizedRootGroup;
			path = FrictionlessNotesUITests;
			sourceTree = "<group>";
		};
/* End PBXFileSystemSynchronizedRootGroup section */

/* Begin PBXFrameworksBuildPhase section */
		8A27BC5A2F03673C00729E76 /* Frameworks */ = {
			isa = PBXFrameworksBuildPhase;
			buildActionMask = 2147483647;
			files = (
				8AFA10032F11AB0000000003 /* FluidAudio in Frameworks */,
				8AFA20042F11AB0000000013 /* MLXLLM in Frameworks */,
				8AFA20052F11AB0000000014 /* MLXLMCommon in Frameworks */,
			);
			runOnlyForDeploymentPostprocessing = 0;
		};
		8A27BC6B2F03673F00729E76 /* Frameworks */ = {
			isa = PBXFrameworksBuildPhase;
			buildActionMask = 2147483647;
			files = (
			);
			runOnlyForDeploymentPostprocessing = 0;
		};
		8A27BC752F03673F00729E76 /* Frameworks */ = {
			isa = PBXFrameworksBuildPhase;
			buildActionMask = 2147483647;
			files = (
			);
			runOnlyForDeploymentPostprocessing = 0;
		};
/* End PBXFrameworksBuildPhase section */

/* Begin PBXGroup section */
		8A27BC542F03673C00729E76 = {
			isa = PBXGroup;
			children = (
				8A27BC5F2F03673C00729E76 /* FrictionlessNotes */,
				8A27BC712F03673F00729E76 /* FrictionlessNotesTests */,
				8A27BC7B2F03673F00729E76 /* FrictionlessNotesUITests */,
				8AFA30012F11AB0000000020 /* GemmaModel */,
				8A27BC5E2F03673C00729E76 /* Products */,
			);
			sourceTree = "<group>";
		};
		8A27BC5E2F03673C00729E76 /* Products */ = {
			isa = PBXGroup;
			children = (
				8A27BC5D2F03673C00729E76 /* FrictionlessNotes.app */,
				8A27BC6E2F03673F00729E76 /* FrictionlessNotesTests.xctest */,
				8A27BC782F03673F00729E76 /* FrictionlessNotesUITests.xctest */,
			);
			name = Products;
			sourceTree = "<group>";
		};
/* End PBXGroup section */

/* Begin PBXNativeTarget section */
		8A27BC5C2F03673C00729E76 /* FrictionlessNotes */ = {
			isa = PBXNativeTarget;
			buildConfigurationList = 8A27BC812F03673F00729E76 /* Build configuration list for PBXNativeTarget "FrictionlessNotes" */;
			buildPhases = (
				8A27BC592F03673C00729E76 /* Sources */,
				8A27BC5A2F03673C00729E76 /* Frameworks */,
				8A27BC5B2F03673C00729E76 /* Resources */,
			);
			buildRules = (
			);
			dependencies = (
			);
			fileSystemSynchronizedGroups = (
				8A27BC5F2F03673C00729E76 /* FrictionlessNotes */,
			);
			name = FrictionlessNotes;
			packageProductDependencies = (
				8AFA10022F11AB0000000002 /* FluidAudio */,
				8AFA20022F11AB0000000011 /* MLXLLM */,
				8AFA20032F11AB0000000012 /* MLXLMCommon */,
			);
			productName = FrictionlessNotes;
			productReference = 8A27BC5D2F03673C00729E76 /* FrictionlessNotes.app */;
			productType = "com.apple.product-type.application";
		};
		8A27BC6D2F03673F00729E76 /* FrictionlessNotesTests */ = {
			isa = PBXNativeTarget;
			buildConfigurationList = 8A27BC862F03673F00729E76 /* Build configuration list for PBXNativeTarget "FrictionlessNotesTests" */;
			buildPhases = (
				8A27BC6A2F03673F00729E76 /* Sources */,
				8A27BC6B2F03673F00729E76 /* Frameworks */,
				8A27BC6C2F03673F00729E76 /* Resources */,
			);
			buildRules = (
			);
			dependencies = (
				8A27BC702F03673F00729E76 /* PBXTargetDependency */,
			);
			fileSystemSynchronizedGroups = (
				8A27BC712F03673F00729E76 /* FrictionlessNotesTests */,
			);
			name = FrictionlessNotesTests;
			packageProductDependencies = (
			);
			productName = FrictionlessNotesTests;
			productReference = 8A27BC6E2F03673F00729E76 /* FrictionlessNotesTests.xctest */;
			productType = "com.apple.product-type.bundle.unit-test";
		};
		8A27BC772F03673F00729E76 /* FrictionlessNotesUITests */ = {
			isa = PBXNativeTarget;
			buildConfigurationList = 8A27BC892F03673F00729E76 /* Build configuration list for PBXNativeTarget "FrictionlessNotesUITests" */;
			buildPhases = (
				8A27BC742F03673F00729E76 /* Sources */,
				8A27BC752F03673F00729E76 /* Frameworks */,
				8A27BC762F03673F00729E76 /* Resources */,
			);
			buildRules = (
			);
			dependencies = (
				8A27BC7A2F03673F00729E76 /* PBXTargetDependency */,
			);
			fileSystemSynchronizedGroups = (
				8A27BC7B2F03673F00729E76 /* FrictionlessNotesUITests */,
			);
			name = FrictionlessNotesUITests;
			packageProductDependencies = (
			);
			productName = FrictionlessNotesUITests;
			productReference = 8A27BC782F03673F00729E76 /* FrictionlessNotesUITests.xctest */;
			productType = "com.apple.product-type.bundle.ui-testing";
		};
/* End PBXNativeTarget section */

/* Begin PBXProject section */
		8A27BC552F03673C00729E76 /* Project object */ = {
			isa = PBXProject;
			attributes = {
				BuildIndependentTargetsInParallel = 1;
				LastSwiftUpdateCheck = 2610;
				LastUpgradeCheck = 2610;
				TargetAttributes = {
					8A27BC5C2F03673C00729E76 = {
						CreatedOnToolsVersion = 26.1.1;
					};
					8A27BC6D2F03673F00729E76 = {
						CreatedOnToolsVersion = 26.1.1;
						TestTargetID = 8A27BC5C2F03673C00729E76;
					};
					8A27BC772F03673F00729E76 = {
						CreatedOnToolsVersion = 26.1.1;
						TestTargetID = 8A27BC5C2F03673C00729E76;
					};
				};
			};
			buildConfigurationList = 8A27BC582F03673C00729E76 /* Build configuration list for PBXProject "FrictionlessNotes" */;
			developmentRegion = en;
			hasScannedForEncodings = 0;
			knownRegions = (
				en,
				Base,
			);
			mainGroup = 8A27BC542F03673C00729E76;
			minimizedProjectReferenceProxies = 1;
			packageReferences = (
				8AFA10012F11AB0000000001 /* XCRemoteSwiftPackageReference "FluidAudio" */,
				8AFA20012F11AB0000000010 /* XCRemoteSwiftPackageReference "mlx-swift-lm" */,
			);
			preferredProjectObjectVersion = 77;
			productRefGroup = 8A27BC5E2F03673C00729E76 /* Products */;
			projectDirPath = "";
			projectRoot = "";
			targets = (
				8A27BC5C2F03673C00729E76 /* FrictionlessNotes */,
				8A27BC6D2F03673F00729E76 /* FrictionlessNotesTests */,
				8A27BC772F03673F00729E76 /* FrictionlessNotesUITests */,
			);
		};
/* End PBXProject section */

/* Begin PBXResourcesBuildPhase section */
		8A27BC5B2F03673C00729E76 /* Resources */ = {
			isa = PBXResourcesBuildPhase;
			buildActionMask = 2147483647;
			files = (
				8AFA30022F11AB0000000021 /* GemmaModel in Resources */,
			);
			runOnlyForDeploymentPostprocessing = 0;
		};
		8A27BC6C2F03673F00729E76 /* Resources */ = {
			isa = PBXResourcesBuildPhase;
			buildActionMask = 2147483647;
			files = (
			);
			runOnlyForDeploymentPostprocessing = 0;
		};
		8A27BC762F03673F00729E76 /* Resources */ = {
			isa = PBXResourcesBuildPhase;
			buildActionMask = 2147483647;
			files = (
			);
			runOnlyForDeploymentPostprocessing = 0;
		};
/* End PBXResourcesBuildPhase section */

/* Begin PBXSourcesBuildPhase section */
		8A27BC592F03673C00729E76 /* Sources */ = {
			isa = PBXSourcesBuildPhase;
			buildActionMask = 2147483647;
			files = (
			);
			runOnlyForDeploymentPostprocessing = 0;
		};
		8A27BC6A2F03673F00729E76 /* Sources */ = {
			isa = PBXSourcesBuildPhase;
			buildActionMask = 2147483647;
			files = (
			);
			runOnlyForDeploymentPostprocessing = 0;
		};
		8A27BC742F03673F00729E76 /* Sources */ = {
			isa = PBXSourcesBuildPhase;
			buildActionMask = 2147483647;
			files = (
			);
			runOnlyForDeploymentPostprocessing = 0;
		};
/* End PBXSourcesBuildPhase section */

/* Begin PBXTargetDependency section */
		8A27BC702F03673F00729E76 /* PBXTargetDependency */ = {
			isa = PBXTargetDependency;
			target = 8A27BC5C2F03673C00729E76 /* FrictionlessNotes */;
			targetProxy = 8A27BC6F2F03673F00729E76 /* PBXContainerItemProxy */;
		};
		8A27BC7A2F03673F00729E76 /* PBXTargetDependency */ = {
			isa = PBXTargetDependency;
			target = 8A27BC5C2F03673C00729E76 /* FrictionlessNotes */;
			targetProxy = 8A27BC792F03673F00729E76 /* PBXContainerItemProxy */;
		};
/* End PBXTargetDependency section */

/* Begin XCBuildConfiguration section */
		8A27BC822F03673F00729E76 /* Debug */ = {
			isa = XCBuildConfiguration;
			buildSettings = {
				ASSETCATALOG_COMPILER_APPICON_NAME = AppIcon;
				ASSETCATALOG_COMPILER_GLOBAL_ACCENT_COLOR_NAME = AccentColor;
				CODE_SIGN_STYLE = Automatic;
				CURRENT_PROJECT_VERSION = 1;
				DEVELOPMENT_TEAM = G3WN6XDECB;
				ENABLE_APP_SANDBOX = YES;
				ENABLE_HARDENED_RUNTIME = YES;
				ENABLE_PREVIEWS = YES;
				ENABLE_USER_SELECTED_FILES = readonly;
				GENERATE_INFOPLIST_FILE = YES;
				INFOPLIST_FILE = FrictionlessNotes/Info.plist;
				INFOPLIST_KEY_LSApplicationCategoryType = "public.app-category.productivity";
				"INFOPLIST_KEY_UIApplicationSceneManifest_Generation[sdk=iphoneos*]" = YES;
				"INFOPLIST_KEY_UIApplicationSceneManifest_Generation[sdk=iphonesimulator*]" = YES;
				"INFOPLIST_KEY_UIApplicationSupportsIndirectInputEvents[sdk=iphoneos*]" = YES;
				"INFOPLIST_KEY_UIApplicationSupportsIndirectInputEvents[sdk=iphonesimulator*]" = YES;
				"INFOPLIST_KEY_UILaunchScreen_Generation[sdk=iphoneos*]" = YES;
				"INFOPLIST_KEY_UILaunchScreen_Generation[sdk=iphonesimulator*]" = YES;
				"INFOPLIST_KEY_UIStatusBarStyle[sdk=iphoneos*]" = UIStatusBarStyleDefault;
				"INFOPLIST_KEY_UIStatusBarStyle[sdk=iphonesimulator*]" = UIStatusBarStyleDefault;
				INFOPLIST_KEY_UISupportedInterfaceOrientations_iPad = "UIInterfaceOrientationPortrait UIInterfaceOrientationPortraitUpsideDown UIInterfaceOrientationLandscapeLeft UIInterfaceOrientationLandscapeRight";
				INFOPLIST_KEY_UISupportedInterfaceOrientations_iPhone = "UIInterfaceOrientationPortrait UIInterfaceOrientationLandscapeLeft UIInterfaceOrientationLandscapeRight";
				IPHONEOS_DEPLOYMENT_TARGET = 17.0;
				LD_RUNPATH_SEARCH_PATHS = "@executable_path/Frameworks";
				"LD_RUNPATH_SEARCH_PATHS[sdk=macosx*]" = "@executable_path/../Frameworks";
				MACOSX_DEPLOYMENT_TARGET = 26.1;
				MARKETING_VERSION = 1.0;
				PRODUCT_BUNDLE_IDENTIFIER = JAF.FrictionlessNotes;
				PRODUCT_NAME = "$(TARGET_NAME)";
				REGISTER_APP_GROUPS = YES;
				SDKROOT = auto;
				STRING_CATALOG_GENERATE_SYMBOLS = YES;
				SUPPORTED_PLATFORMS = "iphoneos iphonesimulator";
				SWIFT_APPROACHABLE_CONCURRENCY = YES;
				SWIFT_DEFAULT_ACTOR_ISOLATION = MainActor;
				SWIFT_EMIT_LOC_STRINGS = YES;
				SWIFT_UPCOMING_FEATURE_MEMBER_IMPORT_VISIBILITY = YES;
				SWIFT_VERSION = 5.0;
				TARGETED_DEVICE_FAMILY = 1;
				XROS_DEPLOYMENT_TARGET = 26.1;
			};
			name = Debug;
		};
		8A27BC832F03673F00729E76 /* Release */ = {
			isa = XCBuildConfiguration;
			buildSettings = {
				ASSETCATALOG_COMPILER_APPICON_NAME = AppIcon;
				ASSETCATALOG_COMPILER_GLOBAL_ACCENT_COLOR_NAME = AccentColor;
				CODE_SIGN_STYLE = Automatic;
				CURRENT_PROJECT_VERSION = 1;
				DEVELOPMENT_TEAM = G3WN6XDECB;
				ENABLE_APP_SANDBOX = YES;
				ENABLE_HARDENED_RUNTIME = YES;
				ENABLE_PREVIEWS = YES;
				ENABLE_USER_SELECTED_FILES = readonly;
				GENERATE_INFOPLIST_FILE = YES;
				INFOPLIST_FILE = FrictionlessNotes/Info.plist;
				INFOPLIST_KEY_LSApplicationCategoryType = "public.app-category.productivity";
				"INFOPLIST_KEY_UIApplicationSceneManifest_Generation[sdk=iphoneos*]" = YES;
				"INFOPLIST_KEY_UIApplicationSceneManifest_Generation[sdk=iphonesimulator*]" = YES;
				"INFOPLIST_KEY_UIApplicationSupportsIndirectInputEvents[sdk=iphoneos*]" = YES;
				"INFOPLIST_KEY_UIApplicationSupportsIndirectInputEvents[sdk=iphonesimulator*]" = YES;
				"INFOPLIST_KEY_UILaunchScreen_Generation[sdk=iphoneos*]" = YES;
				"INFOPLIST_KEY_UILaunchScreen_Generation[sdk=iphonesimulator*]" = YES;
				"INFOPLIST_KEY_UIStatusBarStyle[sdk=iphoneos*]" = UIStatusBarStyleDefault;
				"INFOPLIST_KEY_UIStatusBarStyle[sdk=iphonesimulator*]" = UIStatusBarStyleDefault;
				INFOPLIST_KEY_UISupportedInterfaceOrientations_iPad = "UIInterfaceOrientationPortrait UIInterfaceOrientationPortraitUpsideDown UIInterfaceOrientationLandscapeLeft UIInterfaceOrientationLandscapeRight";
				INFOPLIST_KEY_UISupportedInterfaceOrientations_iPhone = "UIInterfaceOrientationPortrait UIInterfaceOrientationLandscapeLeft UIInterfaceOrientationLandscapeRight";
				IPHONEOS_DEPLOYMENT_TARGET = 17.0;
				LD_RUNPATH_SEARCH_PATHS = "@executable_path/Frameworks";
				"LD_RUNPATH_SEARCH_PATHS[sdk=macosx*]" = "@executable_path/../Frameworks";
				MACOSX_DEPLOYMENT_TARGET = 26.1;
				MARKETING_VERSION = 1.0;
				PRODUCT_BUNDLE_IDENTIFIER = JAF.FrictionlessNotes;
				PRODUCT_NAME = "$(TARGET_NAME)";
				REGISTER_APP_GROUPS = YES;
				SDKROOT = auto;
				STRING_CATALOG_GENERATE_SYMBOLS = YES;
				SUPPORTED_PLATFORMS = "iphoneos iphonesimulator";
				SWIFT_APPROACHABLE_CONCURRENCY = YES;
				SWIFT_DEFAULT_ACTOR_ISOLATION = MainActor;
				SWIFT_EMIT_LOC_STRINGS = YES;
				SWIFT_UPCOMING_FEATURE_MEMBER_IMPORT_VISIBILITY = YES;
				SWIFT_VERSION = 5.0;
				TARGETED_DEVICE_FAMILY = 1;
				XROS_DEPLOYMENT_TARGET = 26.1;
			};
			name = Release;
		};
		8A27BC842F03673F00729E76 /* Debug */ = {
			isa = XCBuildConfiguration;
			buildSettings = {
				ALWAYS_SEARCH_USER_PATHS = NO;
				ASSETCATALOG_COMPILER_GENERATE_SWIFT_ASSET_SYMBOL_EXTENSIONS = YES;
				CLANG_ANALYZER_NONNULL = YES;
				CLANG_ANALYZER_NUMBER_OBJECT_CONVERSION = YES_AGGRESSIVE;
				CLANG_CXX_LANGUAGE_STANDARD = "gnu++20";
				CLANG_ENABLE_MODULES = YES;
				CLANG_ENABLE_OBJC_ARC = YES;
				CLANG_ENABLE_OBJC_WEAK = YES;
				CLANG_WARN_BLOCK_CAPTURE_AUTORELEASING = YES;
				CLANG_WARN_BOOL_CONVERSION = YES;
				CLANG_WARN_COMMA = YES;
				CLANG_WARN_CONSTANT_CONVERSION = YES;
				CLANG_WARN_DEPRECATED_OBJC_IMPLEMENTATIONS = YES;
				CLANG_WARN_DIRECT_OBJC_ISA_USAGE = YES_ERROR;
				CLANG_WARN_DOCUMENTATION_COMMENTS = YES;
				CLANG_WARN_EMPTY_BODY = YES;
				CLANG_WARN_ENUM_CONVERSION = YES;
				CLANG_WARN_INFINITE_RECURSION = YES;
				CLANG_WARN_INT_CONVERSION = YES;
				CLANG_WARN_NON_LITERAL_NULL_CONVERSION = YES;
				CLANG_WARN_OBJC_IMPLICIT_RETAIN_SELF = YES;
				CLANG_WARN_OBJC_LITERAL_CONVERSION = YES;
				CLANG_WARN_OBJC_ROOT_CLASS = YES_ERROR;
				CLANG_WARN_QUOTED_INCLUDE_IN_FRAMEWORK_HEADER = YES;
				CLANG_WARN_RANGE_LOOP_ANALYSIS = YES;
				CLANG_WARN_STRICT_PROTOTYPES = YES;
				CLANG_WARN_SUSPICIOUS_MOVE = YES;
				CLANG_WARN_UNGUARDED_AVAILABILITY = YES_AGGRESSIVE;
				CLANG_WARN_UNREACHABLE_CODE = YES;
				CLANG_WARN__DUPLICATE_METHOD_MATCH = YES;
				COPY_PHASE_STRIP = NO;
				DEBUG_INFORMATION_FORMAT = dwarf;
				DEVELOPMENT_TEAM = G3WN6XDECB;
				ENABLE_STRICT_OBJC_MSGSEND = YES;
				ENABLE_TESTABILITY = YES;
				ENABLE_USER_SCRIPT_SANDBOXING = YES;
				GCC_C_LANGUAGE_STANDARD = gnu17;
				GCC_DYNAMIC_NO_PIC = NO;
				GCC_NO_COMMON_BLOCKS = YES;
				GCC_OPTIMIZATION_LEVEL = 0;
				GCC_PREPROCESSOR_DEFINITIONS = (
					"DEBUG=1",
					"$(inherited)",
				);
				GCC_WARN_64_TO_32_BIT_CONVERSION = YES;
				GCC_WARN_ABOUT_RETURN_TYPE = YES_ERROR;
				GCC_WARN_UNDECLARED_SELECTOR = YES;
				GCC_WARN_UNINITIALIZED_AUTOS = YES_AGGRESSIVE;
				GCC_WARN_UNUSED_FUNCTION = YES;
				GCC_WARN_UNUSED_VARIABLE = YES;
				LOCALIZATION_PREFERS_STRING_CATALOGS = YES;
				MTL_ENABLE_DEBUG_INFO = INCLUDE_SOURCE;
				MTL_FAST_MATH = YES;
				ONLY_ACTIVE_ARCH = YES;
				SWIFT_ACTIVE_COMPILATION_CONDITIONS = "DEBUG $(inherited)";
				SWIFT_OPTIMIZATION_LEVEL = "-Onone";
			};
			name = Debug;
		};
		8A27BC852F03673F00729E76 /* Release */ = {
			isa = XCBuildConfiguration;
			buildSettings = {
				ALWAYS_SEARCH_USER_PATHS = NO;
				ASSETCATALOG_COMPILER_GENERATE_SWIFT_ASSET_SYMBOL_EXTENSIONS = YES;
				CLANG_ANALYZER_NONNULL = YES;
				CLANG_ANALYZER_NUMBER_OBJECT_CONVERSION = YES_AGGRESSIVE;
				CLANG_CXX_LANGUAGE_STANDARD = "gnu++20";
				CLANG_ENABLE_MODULES = YES;
				CLANG_ENABLE_OBJC_ARC = YES;
				CLANG_ENABLE_OBJC_WEAK = YES;
				CLANG_WARN_BLOCK_CAPTURE_AUTORELEASING = YES;
				CLANG_WARN_BOOL_CONVERSION = YES;
				CLANG_WARN_COMMA = YES;
				CLANG_WARN_CONSTANT_CONVERSION = YES;
				CLANG_WARN_DEPRECATED_OBJC_IMPLEMENTATIONS = YES;
				CLANG_WARN_DIRECT_OBJC_ISA_USAGE = YES_ERROR;
				CLANG_WARN_DOCUMENTATION_COMMENTS = YES;
				CLANG_WARN_EMPTY_BODY = YES;
				CLANG_WARN_ENUM_CONVERSION = YES;
				CLANG_WARN_INFINITE_RECURSION = YES;
				CLANG_WARN_INT_CONVERSION = YES;
				CLANG_WARN_NON_LITERAL_NULL_CONVERSION = YES;
				CLANG_WARN_OBJC_IMPLICIT_RETAIN_SELF = YES;
				CLANG_WARN_OBJC_LITERAL_CONVERSION = YES;
				CLANG_WARN_OBJC_ROOT_CLASS = YES_ERROR;
				CLANG_WARN_QUOTED_INCLUDE_IN_FRAMEWORK_HEADER = YES;
				CLANG_WARN_RANGE_LOOP_ANALYSIS = YES;
				CLANG_WARN_STRICT_PROTOTYPES = YES;
				CLANG_WARN_SUSPICIOUS_MOVE = YES;
				CLANG_WARN_UNGUARDED_AVAILABILITY = YES_AGGRESSIVE;
				CLANG_WARN_UNREACHABLE_CODE = YES;
				CLANG_WARN__DUPLICATE_METHOD_MATCH = YES;
				COPY_PHASE_STRIP = NO;
				DEBUG_INFORMATION_FORMAT = "dwarf-with-dsym";
				DEVELOPMENT_TEAM = G3WN6XDECB;
				ENABLE_NS_ASSERTIONS = NO;
				ENABLE_STRICT_OBJC_MSGSEND = YES;
				ENABLE_USER_SCRIPT_SANDBOXING = YES;
				GCC_C_LANGUAGE_STANDARD = gnu17;
				GCC_NO_COMMON_BLOCKS = YES;
				GCC_WARN_64_TO_32_BIT_CONVERSION = YES;
				GCC_WARN_ABOUT_RETURN_TYPE = YES_ERROR;
				GCC_WARN_UNDECLARED_SELECTOR = YES;
				GCC_WARN_UNINITIALIZED_AUTOS = YES_AGGRESSIVE;
				GCC_WARN_UNUSED_FUNCTION = YES;
				GCC_WARN_UNUSED_VARIABLE = YES;
				LOCALIZATION_PREFERS_STRING_CATALOGS = YES;
				MTL_ENABLE_DEBUG_INFO = NO;
				MTL_FAST_MATH = YES;
				SWIFT_COMPILATION_MODE = wholemodule;
			};
			name = Release;
		};
		8A27BC872F03673F00729E76 /* Debug */ = {
			isa = XCBuildConfiguration;
			buildSettings = {
				BUNDLE_LOADER = "$(TEST_HOST)";
				CODE_SIGN_STYLE = Automatic;
				CURRENT_PROJECT_VERSION = 1;
				DEVELOPMENT_TEAM = G3WN6XDECB;
				GENERATE_INFOPLIST_FILE = YES;
				IPHONEOS_DEPLOYMENT_TARGET = 17.0;
				MACOSX_DEPLOYMENT_TARGET = 26.1;
				MARKETING_VERSION = 1.0;
				PRODUCT_BUNDLE_IDENTIFIER = JAF.FrictionlessNotesTests;
				PRODUCT_NAME = "$(TARGET_NAME)";
				SDKROOT = auto;
				STRING_CATALOG_GENERATE_SYMBOLS = NO;
				SUPPORTED_PLATFORMS = "iphoneos iphonesimulator";
				SWIFT_APPROACHABLE_CONCURRENCY = YES;
				SWIFT_EMIT_LOC_STRINGS = NO;
				SWIFT_UPCOMING_FEATURE_MEMBER_IMPORT_VISIBILITY = YES;
				SWIFT_VERSION = 5.0;
				TARGETED_DEVICE_FAMILY = 1;
				TEST_HOST = "$(BUILT_PRODUCTS_DIR)/FrictionlessNotes.app/$(BUNDLE_EXECUTABLE_FOLDER_PATH)/FrictionlessNotes";
				XROS_DEPLOYMENT_TARGET = 26.1;
			};
			name = Debug;
		};
		8A27BC882F03673F00729E76 /* Release */ = {
			isa = XCBuildConfiguration;
			buildSettings = {
				BUNDLE_LOADER = "$(TEST_HOST)";
				CODE_SIGN_STYLE = Automatic;
				CURRENT_PROJECT_VERSION = 1;
				DEVELOPMENT_TEAM = G3WN6XDECB;
				GENERATE_INFOPLIST_FILE = YES;
				IPHONEOS_DEPLOYMENT_TARGET = 17.0;
				MACOSX_DEPLOYMENT_TARGET = 26.1;
				MARKETING_VERSION = 1.0;
				PRODUCT_BUNDLE_IDENTIFIER = JAF.FrictionlessNotesTests;
				PRODUCT_NAME = "$(TARGET_NAME)";
				SDKROOT = auto;
				STRING_CATALOG_GENERATE_SYMBOLS = NO;
				SUPPORTED_PLATFORMS = "iphoneos iphonesimulator";
				SWIFT_APPROACHABLE_CONCURRENCY = YES;
				SWIFT_EMIT_LOC_STRINGS = NO;
				SWIFT_UPCOMING_FEATURE_MEMBER_IMPORT_VISIBILITY = YES;
				SWIFT_VERSION = 5.0;
				TARGETED_DEVICE_FAMILY = 1;
				TEST_HOST = "$(BUILT_PRODUCTS_DIR)/FrictionlessNotes.app/$(BUNDLE_EXECUTABLE_FOLDER_PATH)/FrictionlessNotes";
				XROS_DEPLOYMENT_TARGET = 26.1;
			};
			name = Release;
		};
		8A27BC8A2F03673F00729E76 /* Debug */ = {
			isa = XCBuildConfiguration;
			buildSettings = {
				CODE_SIGN_STYLE = Automatic;
				CURRENT_PROJECT_VERSION = 1;
				DEVELOPMENT_TEAM = G3WN6XDECB;
				GENERATE_INFOPLIST_FILE = YES;
				IPHONEOS_DEPLOYMENT_TARGET = 17.0;
				MACOSX_DEPLOYMENT_TARGET = 26.1;
				MARKETING_VERSION = 1.0;
				PRODUCT_BUNDLE_IDENTIFIER = JAF.FrictionlessNotesUITests;
				PRODUCT_NAME = "$(TARGET_NAME)";
				SDKROOT = auto;
				STRING_CATALOG_GENERATE_SYMBOLS = NO;
				SUPPORTED_PLATFORMS = "iphoneos iphonesimulator";
				SWIFT_APPROACHABLE_CONCURRENCY = YES;
				SWIFT_EMIT_LOC_STRINGS = NO;
				SWIFT_UPCOMING_FEATURE_MEMBER_IMPORT_VISIBILITY = YES;
				SWIFT_VERSION = 5.0;
				TARGETED_DEVICE_FAMILY = 1;
				TEST_TARGET_NAME = FrictionlessNotes;
				XROS_DEPLOYMENT_TARGET = 26.1;
			};
			name = Debug;
		};
		8A27BC8B2F03673F00729E76 /* Release */ = {
			isa = XCBuildConfiguration;
			buildSettings = {
				CODE_SIGN_STYLE = Automatic;
				CURRENT_PROJECT_VERSION = 1;
				DEVELOPMENT_TEAM = G3WN6XDECB;
				GENERATE_INFOPLIST_FILE = YES;
				IPHONEOS_DEPLOYMENT_TARGET = 17.0;
				MACOSX_DEPLOYMENT_TARGET = 26.1;
				MARKETING_VERSION = 1.0;
				PRODUCT_BUNDLE_IDENTIFIER = JAF.FrictionlessNotesUITests;
				PRODUCT_NAME = "$(TARGET_NAME)";
				SDKROOT = auto;
				STRING_CATALOG_GENERATE_SYMBOLS = NO;
				SUPPORTED_PLATFORMS = "iphoneos iphonesimulator";
				SWIFT_APPROACHABLE_CONCURRENCY = YES;
				SWIFT_EMIT_LOC_STRINGS = NO;
				SWIFT_UPCOMING_FEATURE_MEMBER_IMPORT_VISIBILITY = YES;
				SWIFT_VERSION = 5.0;
				TARGETED_DEVICE_FAMILY = 1;
				TEST_TARGET_NAME = FrictionlessNotes;
				XROS_DEPLOYMENT_TARGET = 26.1;
			};
			name = Release;
		};
/* End XCBuildConfiguration section */

/* Begin XCConfigurationList section */
		8A27BC582F03673C00729E76 /* Build configuration list for PBXProject "FrictionlessNotes" */ = {
			isa = XCConfigurationList;
			buildConfigurations = (
				8A27BC842F03673F00729E76 /* Debug */,
				8A27BC852F03673F00729E76 /* Release */,
			);
			defaultConfigurationIsVisible = 0;
			defaultConfigurationName = Release;
		};
		8A27BC812F03673F00729E76 /* Build configuration list for PBXNativeTarget "FrictionlessNotes" */ = {
			isa = XCConfigurationList;
			buildConfigurations = (
				8A27BC822F03673F00729E76 /* Debug */,
				8A27BC832F03673F00729E76 /* Release */,
			);
			defaultConfigurationIsVisible = 0;
			defaultConfigurationName = Release;
		};
		8A27BC862F03673F00729E76 /* Build configuration list for PBXNativeTarget "FrictionlessNotesTests" */ = {
			isa = XCConfigurationList;
			buildConfigurations = (
				8A27BC872F03673F00729E76 /* Debug */,
				8A27BC882F03673F00729E76 /* Release */,
			);
			defaultConfigurationIsVisible = 0;
			defaultConfigurationName = Release;
		};
		8A27BC892F03673F00729E76 /* Build configuration list for PBXNativeTarget "FrictionlessNotesUITests" */ = {
			isa = XCConfigurationList;
			buildConfigurations = (
				8A27BC8A2F03673F00729E76 /* Debug */,
				8A27BC8B2F03673F00729E76 /* Release */,
			);
			defaultConfigurationIsVisible = 0;
			defaultConfigurationName = Release;
		};
/* End XCConfigurationList section */

/* Begin XCRemoteSwiftPackageReference section */
		8AFA10012F11AB0000000001 /* XCRemoteSwiftPackageReference "FluidAudio" */ = {
			isa = XCRemoteSwiftPackageReference;
			repositoryURL = "https://github.com/FluidInference/FluidAudio.git";
			requirement = {
				kind = upToNextMajorVersion;
				minimumVersion = 0.12.4;
			};
		};
		8AFA20012F11AB0000000010 /* XCRemoteSwiftPackageReference "mlx-swift-lm" */ = {
			isa = XCRemoteSwiftPackageReference;
			repositoryURL = "https://github.com/ml-explore/mlx-swift-lm.git";
			requirement = {
				kind = upToNextMajorVersion;
				minimumVersion = 2.30.3;
			};
		};
/* End XCRemoteSwiftPackageReference section */

/* Begin XCSwiftPackageProductDependency section */
		8AFA10022F11AB0000000002 /* FluidAudio */ = {
			isa = XCSwiftPackageProductDependency;
			package = 8AFA10012F11AB0000000001 /* XCRemoteSwiftPackageReference "FluidAudio" */;
			productName = FluidAudio;
		};
		8AFA20022F11AB0000000011 /* MLXLLM */ = {
			isa = XCSwiftPackageProductDependency;
			package = 8AFA20012F11AB0000000010 /* XCRemoteSwiftPackageReference "mlx-swift-lm" */;
			productName = MLXLLM;
		};
		8AFA20032F11AB0000000012 /* MLXLMCommon */ = {
			isa = XCSwiftPackageProductDependency;
			package = 8AFA20012F11AB0000000010 /* XCRemoteSwiftPackageReference "mlx-swift-lm" */;
			productName = MLXLMCommon;
		};
/* End XCSwiftPackageProductDependency section */
	};
	rootObject = 8A27BC552F03673C00729E76 /* Project object */;
}
